// !$*UTF8*$!
{
	archiveVersion = 1;
	classes = {
	};
	objectVersion = 50;
	objects = {

/* Begin PBXBuildFile section */
		217DCCED817A19E9CF810061 /* Pods_NewsTestTests.framework in Frameworks */ = {isa = PBXBuildFile; fileRef = 77305082761374B8D869CB83 /* Pods_NewsTestTests.framework */; };
		DC055D1CF3943A99CD89EBBD /* Pods_NewsTestUITests.framework in Frameworks */ = {isa = PBXBuildFile; fileRef = 3E90F54D29E3FF7E1F41B867 /* Pods_NewsTestUITests.framework */; };
		DD6FAB1A22731155007EC7C6 /* MenuBarItem.swift in Sources */ = {isa = PBXBuildFile; fileRef = DD6FAB1922731155007EC7C6 /* MenuBarItem.swift */; };
		DD9CA1F122723F0C00B96073 /* AppDelegate.swift in Sources */ = {isa = PBXBuildFile; fileRef = DD9CA1F022723F0C00B96073 /* AppDelegate.swift */; };
		DD9CA1F322723F0C00B96073 /* NewsFeedViewController.swift in Sources */ = {isa = PBXBuildFile; fileRef = DD9CA1F222723F0C00B96073 /* NewsFeedViewController.swift */; };
		DD9CA1F622723F0C00B96073 /* Main.storyboard in Resources */ = {isa = PBXBuildFile; fileRef = DD9CA1F422723F0C00B96073 /* Main.storyboard */; };
		DD9CA1F822723F0C00B96073 /* Assets.xcassets in Resources */ = {isa = PBXBuildFile; fileRef = DD9CA1F722723F0C00B96073 /* Assets.xcassets */; };
		DD9CA1FB22723F0C00B96073 /* LaunchScreen.storyboard in Resources */ = {isa = PBXBuildFile; fileRef = DD9CA1F922723F0C00B96073 /* LaunchScreen.storyboard */; };
		DD9CA20622723F0D00B96073 /* NewsTestTests.swift in Sources */ = {isa = PBXBuildFile; fileRef = DD9CA20522723F0D00B96073 /* NewsTestTests.swift */; };
		DD9CA21122723F0D00B96073 /* NewsTestUITests.swift in Sources */ = {isa = PBXBuildFile; fileRef = DD9CA21022723F0D00B96073 /* NewsTestUITests.swift */; };
		DD9CA21F22724E3300B96073 /* GoogleService-Info.plist in Resources */ = {isa = PBXBuildFile; fileRef = DD9CA21E22724E3300B96073 /* GoogleService-Info.plist */; };
		DD9CA2232272615900B96073 /* MenuBarView.swift in Sources */ = {isa = PBXBuildFile; fileRef = DD9CA2222272615900B96073 /* MenuBarView.swift */; };
		E5D955288BC912469A032D54 /* Pods_NewsTest.framework in Frameworks */ = {isa = PBXBuildFile; fileRef = CD3430135E6480669EF2D94D /* Pods_NewsTest.framework */; };
/* End PBXBuildFile section */

/* Begin PBXContainerItemProxy section */
		DD9CA20222723F0D00B96073 /* PBXContainerItemProxy */ = {
			isa = PBXContainerItemProxy;
			containerPortal = DD9CA1E522723F0C00B96073 /* Project object */;
			proxyType = 1;
			remoteGlobalIDString = DD9CA1EC22723F0C00B96073;
			remoteInfo = NewsTest;
		};
		DD9CA20D22723F0D00B96073 /* PBXContainerItemProxy */ = {
			isa = PBXContainerItemProxy;
			containerPortal = DD9CA1E522723F0C00B96073 /* Project object */;
			proxyType = 1;
			remoteGlobalIDString = DD9CA1EC22723F0C00B96073;
			remoteInfo = NewsTest;
		};
/* End PBXContainerItemProxy section */

/* Begin PBXFileReference section */
		1419B1DF9261E6E3246D2C69 /* Pods-NewsTestTests.debug.xcconfig */ = {isa = PBXFileReference; includeInIndex = 1; lastKnownFileType = text.xcconfig; name = "Pods-NewsTestTests.debug.xcconfig"; path = "Target Support Files/Pods-NewsTestTests/Pods-NewsTestTests.debug.xcconfig"; sourceTree = "<group>"; };
		2CF1A29C082E855C18D81169 /* Pods-NewsTest.release.xcconfig */ = {isa = PBXFileReference; includeInIndex = 1; lastKnownFileType = text.xcconfig; name = "Pods-NewsTest.release.xcconfig"; path = "Target Support Files/Pods-NewsTest/Pods-NewsTest.release.xcconfig"; sourceTree = "<group>"; };
		3E90F54D29E3FF7E1F41B867 /* Pods_NewsTestUITests.framework */ = {isa = PBXFileReference; explicitFileType = wrapper.framework; includeInIndex = 0; path = Pods_NewsTestUITests.framework; sourceTree = BUILT_PRODUCTS_DIR; };
		5645E00201C09719DA9679D4 /* Pods-NewsTestUITests.debug.xcconfig */ = {isa = PBXFileReference; includeInIndex = 1; lastKnownFileType = text.xcconfig; name = "Pods-NewsTestUITests.debug.xcconfig"; path = "Target Support Files/Pods-NewsTestUITests/Pods-NewsTestUITests.debug.xcconfig"; sourceTree = "<group>"; };
		77305082761374B8D869CB83 /* Pods_NewsTestTests.framework */ = {isa = PBXFileReference; explicitFileType = wrapper.framework; includeInIndex = 0; path = Pods_NewsTestTests.framework; sourceTree = BUILT_PRODUCTS_DIR; };
		CD3430135E6480669EF2D94D /* Pods_NewsTest.framework */ = {isa = PBXFileReference; explicitFileType = wrapper.framework; includeInIndex = 0; path = Pods_NewsTest.framework; sourceTree = BUILT_PRODUCTS_DIR; };
		D5A6B41690120FB41196B11F /* Pods-NewsTestTests.release.xcconfig */ = {isa = PBXFileReference; includeInIndex = 1; lastKnownFileType = text.xcconfig; name = "Pods-NewsTestTests.release.xcconfig"; path = "Target Support Files/Pods-NewsTestTests/Pods-NewsTestTests.release.xcconfig"; sourceTree = "<group>"; };
		DD6FAB1922731155007EC7C6 /* MenuBarItem.swift */ = {isa = PBXFileReference; lastKnownFileType = sourcecode.swift; path = MenuBarItem.swift; sourceTree = "<group>"; };
		DD9CA1ED22723F0C00B96073 /* NewsTest.app */ = {isa = PBXFileReference; explicitFileType = wrapper.application; includeInIndex = 0; path = NewsTest.app; sourceTree = BUILT_PRODUCTS_DIR; };
		DD9CA1F022723F0C00B96073 /* AppDelegate.swift */ = {isa = PBXFileReference; lastKnownFileType = sourcecode.swift; path = AppDelegate.swift; sourceTree = "<group>"; };
		DD9CA1F222723F0C00B96073 /* NewsFeedViewController.swift */ = {isa = PBXFileReference; lastKnownFileType = sourcecode.swift; path = NewsFeedViewController.swift; sourceTree = "<group>"; };
		DD9CA1F522723F0C00B96073 /* Base */ = {isa = PBXFileReference; lastKnownFileType = file.storyboard; name = Base; path = Base.lproj/Main.storyboard; sourceTree = "<group>"; };
		DD9CA1F722723F0C00B96073 /* Assets.xcassets */ = {isa = PBXFileReference; lastKnownFileType = folder.assetcatalog; path = Assets.xcassets; sourceTree = "<group>"; };
		DD9CA1FA22723F0C00B96073 /* Base */ = {isa = PBXFileReference; lastKnownFileType = file.storyboard; name = Base; path = Base.lproj/LaunchScreen.storyboard; sourceTree = "<group>"; };
		DD9CA1FC22723F0C00B96073 /* Info.plist */ = {isa = PBXFileReference; lastKnownFileType = text.plist.xml; path = Info.plist; sourceTree = "<group>"; };
		DD9CA20122723F0D00B96073 /* NewsTestTests.xctest */ = {isa = PBXFileReference; explicitFileType = wrapper.cfbundle; includeInIndex = 0; path = NewsTestTests.xctest; sourceTree = BUILT_PRODUCTS_DIR; };
		DD9CA20522723F0D00B96073 /* NewsTestTests.swift */ = {isa = PBXFileReference; lastKnownFileType = sourcecode.swift; path = NewsTestTests.swift; sourceTree = "<group>"; };
		DD9CA20722723F0D00B96073 /* Info.plist */ = {isa = PBXFileReference; lastKnownFileType = text.plist.xml; path = Info.plist; sourceTree = "<group>"; };
		DD9CA20C22723F0D00B96073 /* NewsTestUITests.xctest */ = {isa = PBXFileReference; explicitFileType = wrapper.cfbundle; includeInIndex = 0; path = NewsTestUITests.xctest; sourceTree = BUILT_PRODUCTS_DIR; };
		DD9CA21022723F0D00B96073 /* NewsTestUITests.swift */ = {isa = PBXFileReference; lastKnownFileType = sourcecode.swift; path = NewsTestUITests.swift; sourceTree = "<group>"; };
		DD9CA21222723F0D00B96073 /* Info.plist */ = {isa = PBXFileReference; lastKnownFileType = text.plist.xml; path = Info.plist; sourceTree = "<group>"; };
		DD9CA21E22724E3300B96073 /* GoogleService-Info.plist */ = {isa = PBXFileReference; fileEncoding = 4; lastKnownFileType = text.plist.xml; path = "GoogleService-Info.plist"; sourceTree = "<group>"; };
		DD9CA2222272615900B96073 /* MenuBarView.swift */ = {isa = PBXFileReference; lastKnownFileType = sourcecode.swift; path = MenuBarView.swift; sourceTree = "<group>"; };
		EDAE48A932F8D216666C5565 /* Pods-NewsTest.debug.xcconfig */ = {isa = PBXFileReference; includeInIndex = 1; lastKnownFileType = text.xcconfig; name = "Pods-NewsTest.debug.xcconfig"; path = "Target Support Files/Pods-NewsTest/Pods-NewsTest.debug.xcconfig"; sourceTree = "<group>"; };
		F16907030A07A37C2F33690F /* Pods-NewsTestUITests.release.xcconfig */ = {isa = PBXFileReference; includeInIndex = 1; lastKnownFileType = text.xcconfig; name = "Pods-NewsTestUITests.release.xcconfig"; path = "Target Support Files/Pods-NewsTestUITests/Pods-NewsTestUITests.release.xcconfig"; sourceTree = "<group>"; };
/* End PBXFileReference section */

/* Begin PBXFrameworksBuildPhase section */
		DD9CA1EA22723F0C00B96073 /* Frameworks */ = {
			isa = PBXFrameworksBuildPhase;
			buildActionMask = 2147483647;
			files = (
				E5D955288BC912469A032D54 /* Pods_NewsTest.framework in Frameworks */,
			);
			runOnlyForDeploymentPostprocessing = 0;
		};
		DD9CA1FE22723F0D00B96073 /* Frameworks */ = {
			isa = PBXFrameworksBuildPhase;
			buildActionMask = 2147483647;
			files = (
				217DCCED817A19E9CF810061 /* Pods_NewsTestTests.framework in Frameworks */,
			);
			runOnlyForDeploymentPostprocessing = 0;
		};
		DD9CA20922723F0D00B96073 /* Frameworks */ = {
			isa = PBXFrameworksBuildPhase;
			buildActionMask = 2147483647;
			files = (
				DC055D1CF3943A99CD89EBBD /* Pods_NewsTestUITests.framework in Frameworks */,
			);
			runOnlyForDeploymentPostprocessing = 0;
		};
/* End PBXFrameworksBuildPhase section */

/* Begin PBXGroup section */
		DD9CA1E422723F0C00B96073 = {
			isa = PBXGroup;
			children = (
				DD9CA1EF22723F0C00B96073 /* NewsTest */,
				DD9CA20422723F0D00B96073 /* NewsTestTests */,
				DD9CA20F22723F0D00B96073 /* NewsTestUITests */,
				DD9CA1EE22723F0C00B96073 /* Products */,
				FA0BE397AC44FB4DFF1A37ED /* Pods */,
				E24204F70D41838DAD294D4F /* Frameworks */,
			);
			sourceTree = "<group>";
		};
		DD9CA1EE22723F0C00B96073 /* Products */ = {
			isa = PBXGroup;
			children = (
				DD9CA1ED22723F0C00B96073 /* NewsTest.app */,
				DD9CA20122723F0D00B96073 /* NewsTestTests.xctest */,
				DD9CA20C22723F0D00B96073 /* NewsTestUITests.xctest */,
			);
			name = Products;
			sourceTree = "<group>";
		};
		DD9CA1EF22723F0C00B96073 /* NewsTest */ = {
			isa = PBXGroup;
			children = (
				DD9CA2242272628500B96073 /* NewsFeedView */,
				DD9CA1F022723F0C00B96073 /* AppDelegate.swift */,
				DD9CA1F422723F0C00B96073 /* Main.storyboard */,
				DD9CA1F722723F0C00B96073 /* Assets.xcassets */,
				DD9CA1F922723F0C00B96073 /* LaunchScreen.storyboard */,
				DD9CA21E22724E3300B96073 /* GoogleService-Info.plist */,
				DD9CA1FC22723F0C00B96073 /* Info.plist */,
			);
			path = NewsTest;
			sourceTree = "<group>";
		};
		DD9CA20422723F0D00B96073 /* NewsTestTests */ = {
			isa = PBXGroup;
			children = (
				DD9CA20522723F0D00B96073 /* NewsTestTests.swift */,
				DD9CA20722723F0D00B96073 /* Info.plist */,
			);
			path = NewsTestTests;
			sourceTree = "<group>";
		};
		DD9CA20F22723F0D00B96073 /* NewsTestUITests */ = {
			isa = PBXGroup;
			children = (
				DD9CA21022723F0D00B96073 /* NewsTestUITests.swift */,
				DD9CA21222723F0D00B96073 /* Info.plist */,
			);
			path = NewsTestUITests;
			sourceTree = "<group>";
		};
		DD9CA2242272628500B96073 /* NewsFeedView */ = {
			isa = PBXGroup;
			children = (
				DD9CA2222272615900B96073 /* MenuBarView.swift */,
				DD9CA1F222723F0C00B96073 /* NewsFeedViewController.swift */,
				DD6FAB1922731155007EC7C6 /* MenuBarItem.swift */,
			);
			path = NewsFeedView;
			sourceTree = "<group>";
		};
		E24204F70D41838DAD294D4F /* Frameworks */ = {
			isa = PBXGroup;
			children = (
				CD3430135E6480669EF2D94D /* Pods_NewsTest.framework */,
				77305082761374B8D869CB83 /* Pods_NewsTestTests.framework */,
				3E90F54D29E3FF7E1F41B867 /* Pods_NewsTestUITests.framework */,
			);
			name = Frameworks;
			sourceTree = "<group>";
		};
		FA0BE397AC44FB4DFF1A37ED /* Pods */ = {
			isa = PBXGroup;
			children = (
				EDAE48A932F8D216666C5565 /* Pods-NewsTest.debug.xcconfig */,
				2CF1A29C082E855C18D81169 /* Pods-NewsTest.release.xcconfig */,
				1419B1DF9261E6E3246D2C69 /* Pods-NewsTestTests.debug.xcconfig */,
				D5A6B41690120FB41196B11F /* Pods-NewsTestTests.release.xcconfig */,
				5645E00201C09719DA9679D4 /* Pods-NewsTestUITests.debug.xcconfig */,
				F16907030A07A37C2F33690F /* Pods-NewsTestUITests.release.xcconfig */,
			);
			path = Pods;
			sourceTree = "<group>";
		};
/* End PBXGroup section */

/* Begin PBXNativeTarget section */
		DD9CA1EC22723F0C00B96073 /* NewsTest */ = {
			isa = PBXNativeTarget;
			buildConfigurationList = DD9CA21522723F0D00B96073 /* Build configuration list for PBXNativeTarget "NewsTest" */;
			buildPhases = (
				DC6B67EA014BA848B3DDEA96 /* [CP] Check Pods Manifest.lock */,
				DD9CA1E922723F0C00B96073 /* Sources */,
				DD9CA1EA22723F0C00B96073 /* Frameworks */,
				DD9CA1EB22723F0C00B96073 /* Resources */,
				3DFCEFC490FB937BAB725D4E /* [CP] Embed Pods Frameworks */,
			);
			buildRules = (
			);
			dependencies = (
			);
			name = NewsTest;
			productName = NewsTest;
			productReference = DD9CA1ED22723F0C00B96073 /* NewsTest.app */;
			productType = "com.apple.product-type.application";
		};
		DD9CA20022723F0D00B96073 /* NewsTestTests */ = {
			isa = PBXNativeTarget;
			buildConfigurationList = DD9CA21822723F0D00B96073 /* Build configuration list for PBXNativeTarget "NewsTestTests" */;
			buildPhases = (
				33E4E8C3D7CECC8F1F6746C7 /* [CP] Check Pods Manifest.lock */,
				DD9CA1FD22723F0D00B96073 /* Sources */,
				DD9CA1FE22723F0D00B96073 /* Frameworks */,
				DD9CA1FF22723F0D00B96073 /* Resources */,
			);
			buildRules = (
			);
			dependencies = (
				DD9CA20322723F0D00B96073 /* PBXTargetDependency */,
			);
			name = NewsTestTests;
			productName = NewsTestTests;
			productReference = DD9CA20122723F0D00B96073 /* NewsTestTests.xctest */;
			productType = "com.apple.product-type.bundle.unit-test";
		};
		DD9CA20B22723F0D00B96073 /* NewsTestUITests */ = {
			isa = PBXNativeTarget;
			buildConfigurationList = DD9CA21B22723F0D00B96073 /* Build configuration list for PBXNativeTarget "NewsTestUITests" */;
			buildPhases = (
				C0F7B41CBEA2F89CBA00E75A /* [CP] Check Pods Manifest.lock */,
				DD9CA20822723F0D00B96073 /* Sources */,
				DD9CA20922723F0D00B96073 /* Frameworks */,
				DD9CA20A22723F0D00B96073 /* Resources */,
			);
			buildRules = (
			);
			dependencies = (
				DD9CA20E22723F0D00B96073 /* PBXTargetDependency */,
			);
			name = NewsTestUITests;
			productName = NewsTestUITests;
			productReference = DD9CA20C22723F0D00B96073 /* NewsTestUITests.xctest */;
			productType = "com.apple.product-type.bundle.ui-testing";
		};
/* End PBXNativeTarget section */

/* Begin PBXProject section */
		DD9CA1E522723F0C00B96073 /* Project object */ = {
			isa = PBXProject;
			attributes = {
				LastSwiftUpdateCheck = 1020;
				LastUpgradeCheck = 1020;
				ORGANIZATIONNAME = "Felföldy Tibor";
				TargetAttributes = {
					DD9CA1EC22723F0C00B96073 = {
						CreatedOnToolsVersion = 10.2.1;
					};
					DD9CA20022723F0D00B96073 = {
						CreatedOnToolsVersion = 10.2.1;
						TestTargetID = DD9CA1EC22723F0C00B96073;
					};
					DD9CA20B22723F0D00B96073 = {
						CreatedOnToolsVersion = 10.2.1;
						TestTargetID = DD9CA1EC22723F0C00B96073;
					};
				};
			};
			buildConfigurationList = DD9CA1E822723F0C00B96073 /* Build configuration list for PBXProject "NewsTest" */;
			compatibilityVersion = "Xcode 9.3";
			developmentRegion = en;
			hasScannedForEncodings = 0;
			knownRegions = (
				en,
				Base,
			);
			mainGroup = DD9CA1E422723F0C00B96073;
			productRefGroup = DD9CA1EE22723F0C00B96073 /* Products */;
			projectDirPath = "";
			projectRoot = "";
			targets = (
				DD9CA1EC22723F0C00B96073 /* NewsTest */,
				DD9CA20022723F0D00B96073 /* NewsTestTests */,
				DD9CA20B22723F0D00B96073 /* NewsTestUITests */,
			);
		};
/* End PBXProject section */

/* Begin PBXResourcesBuildPhase section */
		DD9CA1EB22723F0C00B96073 /* Resources */ = {
			isa = PBXResourcesBuildPhase;
			buildActionMask = 2147483647;
			files = (
				DD9CA1FB22723F0C00B96073 /* LaunchScreen.storyboard in Resources */,
				DD9CA21F22724E3300B96073 /* GoogleService-Info.plist in Resources */,
				DD9CA1F822723F0C00B96073 /* Assets.xcassets in Resources */,
				DD9CA1F622723F0C00B96073 /* Main.storyboard in Resources */,
			);
			runOnlyForDeploymentPostprocessing = 0;
		};
		DD9CA1FF22723F0D00B96073 /* Resources */ = {
			isa = PBXResourcesBuildPhase;
			buildActionMask = 2147483647;
			files = (
			);
			runOnlyForDeploymentPostprocessing = 0;
		};
		DD9CA20A22723F0D00B96073 /* Resources */ = {
			isa = PBXResourcesBuildPhase;
			buildActionMask = 2147483647;
			files = (
			);
			runOnlyForDeploymentPostprocessing = 0;
		};
/* End PBXResourcesBuildPhase section */

/* Begin PBXShellScriptBuildPhase section */
		33E4E8C3D7CECC8F1F6746C7 /* [CP] Check Pods Manifest.lock */ = {
			isa = PBXShellScriptBuildPhase;
			buildActionMask = 2147483647;
			files = (
			);
			inputFileListPaths = (
			);
			inputPaths = (
				"${PODS_PODFILE_DIR_PATH}/Podfile.lock",
				"${PODS_ROOT}/Manifest.lock",
			);
			name = "[CP] Check Pods Manifest.lock";
			outputFileListPaths = (
			);
			outputPaths = (
				"$(DERIVED_FILE_DIR)/Pods-NewsTestTests-checkManifestLockResult.txt",
			);
			runOnlyForDeploymentPostprocessing = 0;
			shellPath = /bin/sh;
			shellScript = "diff \"${PODS_PODFILE_DIR_PATH}/Podfile.lock\" \"${PODS_ROOT}/Manifest.lock\" > /dev/null\nif [ $? != 0 ] ; then\n    # print error to STDERR\n    echo \"error: The sandbox is not in sync with the Podfile.lock. Run 'pod install' or update your CocoaPods installation.\" >&2\n    exit 1\nfi\n# This output is used by Xcode 'outputs' to avoid re-running this script phase.\necho \"SUCCESS\" > \"${SCRIPT_OUTPUT_FILE_0}\"\n";
			showEnvVarsInLog = 0;
		};
		3DFCEFC490FB937BAB725D4E /* [CP] Embed Pods Frameworks */ = {
			isa = PBXShellScriptBuildPhase;
			buildActionMask = 2147483647;
			files = (
			);
			inputFileListPaths = (
			);
			inputPaths = (
				"${PODS_ROOT}/Target Support Files/Pods-NewsTest/Pods-NewsTest-frameworks.sh",
				"${BUILT_PRODUCTS_DIR}/GoogleUtilities/GoogleUtilities.framework",
				"${BUILT_PRODUCTS_DIR}/leveldb-library/leveldb.framework",
				"${BUILT_PRODUCTS_DIR}/nanopb/nanopb.framework",
			);
			name = "[CP] Embed Pods Frameworks";
			outputFileListPaths = (
			);
			outputPaths = (
				"${TARGET_BUILD_DIR}/${FRAMEWORKS_FOLDER_PATH}/GoogleUtilities.framework",
				"${TARGET_BUILD_DIR}/${FRAMEWORKS_FOLDER_PATH}/leveldb.framework",
				"${TARGET_BUILD_DIR}/${FRAMEWORKS_FOLDER_PATH}/nanopb.framework",
			);
			runOnlyForDeploymentPostprocessing = 0;
			shellPath = /bin/sh;
			shellScript = "\"${PODS_ROOT}/Target Support Files/Pods-NewsTest/Pods-NewsTest-frameworks.sh\"\n";
			showEnvVarsInLog = 0;
		};
		C0F7B41CBEA2F89CBA00E75A /* [CP] Check Pods Manifest.lock */ = {
			isa = PBXShellScriptBuildPhase;
			buildActionMask = 2147483647;
			files = (
			);
			inputFileListPaths = (
			);
			inputPaths = (
				"${PODS_PODFILE_DIR_PATH}/Podfile.lock",
				"${PODS_ROOT}/Manifest.lock",
			);
			name = "[CP] Check Pods Manifest.lock";
			outputFileListPaths = (
			);
			outputPaths = (
				"$(DERIVED_FILE_DIR)/Pods-NewsTestUITests-checkManifestLockResult.txt",
			);
			runOnlyForDeploymentPostprocessing = 0;
			shellPath = /bin/sh;
			shellScript = "diff \"${PODS_PODFILE_DIR_PATH}/Podfile.lock\" \"${PODS_ROOT}/Manifest.lock\" > /dev/null\nif [ $? != 0 ] ; then\n    # print error to STDERR\n    echo \"error: The sandbox is not in sync with the Podfile.lock. Run 'pod install' or update your CocoaPods installation.\" >&2\n    exit 1\nfi\n# This output is used by Xcode 'outputs' to avoid re-running this script phase.\necho \"SUCCESS\" > \"${SCRIPT_OUTPUT_FILE_0}\"\n";
			showEnvVarsInLog = 0;
		};
		DC6B67EA014BA848B3DDEA96 /* [CP] Check Pods Manifest.lock */ = {
			isa = PBXShellScriptBuildPhase;
			buildActionMask = 2147483647;
			files = (
			);
			inputFileListPaths = (
			);
			inputPaths = (
				"${PODS_PODFILE_DIR_PATH}/Podfile.lock",
				"${PODS_ROOT}/Manifest.lock",
			);
			name = "[CP] Check Pods Manifest.lock";
			outputFileListPaths = (
			);
			outputPaths = (
				"$(DERIVED_FILE_DIR)/Pods-NewsTest-checkManifestLockResult.txt",
			);
			runOnlyForDeploymentPostprocessing = 0;
			shellPath = /bin/sh;
			shellScript = "diff \"${PODS_PODFILE_DIR_PATH}/Podfile.lock\" \"${PODS_ROOT}/Manifest.lock\" > /dev/null\nif [ $? != 0 ] ; then\n    # print error to STDERR\n    echo \"error: The sandbox is not in sync with the Podfile.lock. Run 'pod install' or update your CocoaPods installation.\" >&2\n    exit 1\nfi\n# This output is used by Xcode 'outputs' to avoid re-running this script phase.\necho \"SUCCESS\" > \"${SCRIPT_OUTPUT_FILE_0}\"\n";
			showEnvVarsInLog = 0;
		};
/* End PBXShellScriptBuildPhase section */

/* Begin PBXSourcesBuildPhase section */
		DD9CA1E922723F0C00B96073 /* Sources */ = {
			isa = PBXSourcesBuildPhase;
			buildActionMask = 2147483647;
			files = (
				DD9CA2232272615900B96073 /* MenuBarView.swift in Sources */,
				DD6FAB1A22731155007EC7C6 /* MenuBarItem.swift in Sources */,
				DD9CA1F322723F0C00B96073 /* NewsFeedViewController.swift in Sources */,
				DD9CA1F122723F0C00B96073 /* AppDelegate.swift in Sources */,
			);
			runOnlyForDeploymentPostprocessing = 0;
		};
		DD9CA1FD22723F0D00B96073 /* Sources */ = {
			isa = PBXSourcesBuildPhase;
			buildActionMask = 2147483647;
			files = (
				DD9CA20622723F0D00B96073 /* NewsTestTests.swift in Sources */,
			);
			runOnlyForDeploymentPostprocessing = 0;
		};
		DD9CA20822723F0D00B96073 /* Sources */ = {
			isa = PBXSourcesBuildPhase;
			buildActionMask = 2147483647;
			files = (
				DD9CA21122723F0D00B96073 /* NewsTestUITests.swift in Sources */,
			);
			runOnlyForDeploymentPostprocessing = 0;
		};
/* End PBXSourcesBuildPhase section */

/* Begin PBXTargetDependency section */
		DD9CA20322723F0D00B96073 /* PBXTargetDependency */ = {
			isa = PBXTargetDependency;
			target = DD9CA1EC22723F0C00B96073 /* NewsTest */;
			targetProxy = DD9CA20222723F0D00B96073 /* PBXContainerItemProxy */;
		};
		DD9CA20E22723F0D00B96073 /* PBXTargetDependency */ = {
			isa = PBXTargetDependency;
			target = DD9CA1EC22723F0C00B96073 /* NewsTest */;
			targetProxy = DD9CA20D22723F0D00B96073 /* PBXContainerItemProxy */;
		};
/* End PBXTargetDependency section */

/* Begin PBXVariantGroup section */
		DD9CA1F422723F0C00B96073 /* Main.storyboard */ = {
			isa = PBXVariantGroup;
			children = (
				DD9CA1F522723F0C00B96073 /* Base */,
			);
			name = Main.storyboard;
			sourceTree = "<group>";
		};
		DD9CA1F922723F0C00B96073 /* LaunchScreen.storyboard */ = {
			isa = PBXVariantGroup;
			children = (
				DD9CA1FA22723F0C00B96073 /* Base */,
			);
			name = LaunchScreen.storyboard;
			sourceTree = "<group>";
		};
/* End PBXVariantGroup section */

/* Begin XCBuildConfiguration section */
		DD9CA21322723F0D00B96073 /* Debug */ = {
			isa = XCBuildConfiguration;
			buildSettings = {
				ALWAYS_SEARCH_USER_PATHS = NO;
				CLANG_ANALYZER_NONNULL = YES;
				CLANG_ANALYZER_NUMBER_OBJECT_CONVERSION = YES_AGGRESSIVE;
				CLANG_CXX_LANGUAGE_STANDARD = "gnu++14";
				CLANG_CXX_LIBRARY = "libc++";
				CLANG_ENABLE_MODULES = YES;
				CLANG_ENABLE_OBJC_ARC = YES;
				CLANG_ENABLE_OBJC_WEAK = YES;
				CLANG_WARN_BLOCK_CAPTURE_AUTORELEASING = YES;
				CLANG_WARN_BOOL_CONVERSION = YES;
				CLANG_WARN_COMMA = YES;
				CLANG_WARN_CONSTANT_CONVERSION = YES;
				CLANG_WARN_DEPRECATED_OBJC_IMPLEMENTATIONS = YES;
				CLANG_WARN_DIRECT_OBJC_ISA_USAGE = YES_ERROR;
				CLANG_WARN_DOCUMENTATION_COMMENTS = YES;
				CLANG_WARN_EMPTY_BODY = YES;
				CLANG_WARN_ENUM_CONVERSION = YES;
				CLANG_WARN_INFINITE_RECURSION = YES;
				CLANG_WARN_INT_CONVERSION = YES;
				CLANG_WARN_NON_LITERAL_NULL_CONVERSION = YES;
				CLANG_WARN_OBJC_IMPLICIT_RETAIN_SELF = YES;
				CLANG_WARN_OBJC_LITERAL_CONVERSION = YES;
				CLANG_WARN_OBJC_ROOT_CLASS = YES_ERROR;
				CLANG_WARN_RANGE_LOOP_ANALYSIS = YES;
				CLANG_WARN_STRICT_PROTOTYPES = YES;
				CLANG_WARN_SUSPICIOUS_MOVE = YES;
				CLANG_WARN_UNGUARDED_AVAILABILITY = YES_AGGRESSIVE;
				CLANG_WARN_UNREACHABLE_CODE = YES;
				CLANG_WARN__DUPLICATE_METHOD_MATCH = YES;
				CODE_SIGN_IDENTITY = "iPhone Developer";
				COPY_PHASE_STRIP = NO;
				DEBUG_INFORMATION_FORMAT = dwarf;
				ENABLE_STRICT_OBJC_MSGSEND = YES;
				ENABLE_TESTABILITY = YES;
				GCC_C_LANGUAGE_STANDARD = gnu11;
				GCC_DYNAMIC_NO_PIC = NO;
				GCC_NO_COMMON_BLOCKS = YES;
				GCC_OPTIMIZATION_LEVEL = 0;
				GCC_PREPROCESSOR_DEFINITIONS = (
					"DEBUG=1",
					"$(inherited)",
				);
				GCC_WARN_64_TO_32_BIT_CONVERSION = YES;
				GCC_WARN_ABOUT_RETURN_TYPE = YES_ERROR;
				GCC_WARN_UNDECLARED_SELECTOR = YES;
				GCC_WARN_UNINITIALIZED_AUTOS = YES_AGGRESSIVE;
				GCC_WARN_UNUSED_FUNCTION = YES;
				GCC_WARN_UNUSED_VARIABLE = YES;
				IPHONEOS_DEPLOYMENT_TARGET = 12.2;
				MTL_ENABLE_DEBUG_INFO = INCLUDE_SOURCE;
				MTL_FAST_MATH = YES;
				ONLY_ACTIVE_ARCH = YES;
				SDKROOT = iphoneos;
				SWIFT_ACTIVE_COMPILATION_CONDITIONS = DEBUG;
				SWIFT_OPTIMIZATION_LEVEL = "-Onone";
			};
			name = Debug;
		};
		DD9CA21422723F0D00B96073 /* Release */ = {
			isa = XCBuildConfiguration;
			buildSettings = {
				ALWAYS_SEARCH_USER_PATHS = NO;
				CLANG_ANALYZER_NONNULL = YES;
				CLANG_ANALYZER_NUMBER_OBJECT_CONVERSION = YES_AGGRESSIVE;
				CLANG_CXX_LANGUAGE_STANDARD = "gnu++14";
				CLANG_CXX_LIBRARY = "libc++";
				CLANG_ENABLE_MODULES = YES;
				CLANG_ENABLE_OBJC_ARC = YES;
				CLANG_ENABLE_OBJC_WEAK = YES;
				CLANG_WARN_BLOCK_CAPTURE_AUTORELEASING = YES;
				CLANG_WARN_BOOL_CONVERSION = YES;
				CLANG_WARN_COMMA = YES;
				CLANG_WARN_CONSTANT_CONVERSION = YES;
				CLANG_WARN_DEPRECATED_OBJC_IMPLEMENTATIONS = YES;
				CLANG_WARN_DIRECT_OBJC_ISA_USAGE = YES_ERROR;
				CLANG_WARN_DOCUMENTATION_COMMENTS = YES;
				CLANG_WARN_EMPTY_BODY = YES;
				CLANG_WARN_ENUM_CONVERSION = YES;
				CLANG_WARN_INFINITE_RECURSION = YES;
				CLANG_WARN_INT_CONVERSION = YES;
				CLANG_WARN_NON_LITERAL_NULL_CONVERSION = YES;
				CLANG_WARN_OBJC_IMPLICIT_RETAIN_SELF = YES;
				CLANG_WARN_OBJC_LITERAL_CONVERSION = YES;
				CLANG_WARN_OBJC_ROOT_CLASS = YES_ERROR;
				CLANG_WARN_RANGE_LOOP_ANALYSIS = YES;
				CLANG_WARN_STRICT_PROTOTYPES = YES;
				CLANG_WARN_SUSPICIOUS_MOVE = YES;
				CLANG_WARN_UNGUARDED_AVAILABILITY = YES_AGGRESSIVE;
				CLANG_WARN_UNREACHABLE_CODE = YES;
				CLANG_WARN__DUPLICATE_METHOD_MATCH = YES;
				CODE_SIGN_IDENTITY = "iPhone Developer";
				COPY_PHASE_STRIP = NO;
				DEBUG_INFORMATION_FORMAT = "dwarf-with-dsym";
				ENABLE_NS_ASSERTIONS = NO;
				ENABLE_STRICT_OBJC_MSGSEND = YES;
				GCC_C_LANGUAGE_STANDARD = gnu11;
				GCC_NO_COMMON_BLOCKS = YES;
				GCC_WARN_64_TO_32_BIT_CONVERSION = YES;
				GCC_WARN_ABOUT_RETURN_TYPE = YES_ERROR;
				GCC_WARN_UNDECLARED_SELECTOR = YES;
				GCC_WARN_UNINITIALIZED_AUTOS = YES_AGGRESSIVE;
				GCC_WARN_UNUSED_FUNCTION = YES;
				GCC_WARN_UNUSED_VARIABLE = YES;
				IPHONEOS_DEPLOYMENT_TARGET = 12.2;
				MTL_ENABLE_DEBUG_INFO = NO;
				MTL_FAST_MATH = YES;
				SDKROOT = iphoneos;
				SWIFT_COMPILATION_MODE = wholemodule;
				SWIFT_OPTIMIZATION_LEVEL = "-O";
				VALIDATE_PRODUCT = YES;
			};
			name = Release;
		};
		DD9CA21622723F0D00B96073 /* Debug */ = {
			isa = XCBuildConfiguration;
			baseConfigurationReference = EDAE48A932F8D216666C5565 /* Pods-NewsTest.debug.xcconfig */;
			buildSettings = {
				ASSETCATALOG_COMPILER_APPICON_NAME = AppIcon;
				CODE_SIGN_STYLE = Automatic;
				DEVELOPMENT_TEAM = QA23EPZ5C9;
				INFOPLIST_FILE = NewsTest/Info.plist;
				LD_RUNPATH_SEARCH_PATHS = (
					"$(inherited)",
					"@executable_path/Frameworks",
				);
				PRODUCT_BUNDLE_IDENTIFIER = com.felfoldy.NewsTest;
				PRODUCT_NAME = "$(TARGET_NAME)";
				SWIFT_VERSION = 5.0;
				TARGETED_DEVICE_FAMILY = "1,2";
			};
			name = Debug;
		};
		DD9CA21722723F0D00B96073 /* Release */ = {
			isa = XCBuildConfiguration;
			baseConfigurationReference = 2CF1A29C082E855C18D81169 /* Pods-NewsTest.release.xcconfig */;
			buildSettings = {
				ASSETCATALOG_COMPILER_APPICON_NAME = AppIcon;
				CODE_SIGN_STYLE = Automatic;
				DEVELOPMENT_TEAM = QA23EPZ5C9;
				INFOPLIST_FILE = NewsTest/Info.plist;
				LD_RUNPATH_SEARCH_PATHS = (
					"$(inherited)",
					"@executable_path/Frameworks",
				);
				PRODUCT_BUNDLE_IDENTIFIER = com.felfoldy.NewsTest;
				PRODUCT_NAME = "$(TARGET_NAME)";
				SWIFT_VERSION = 5.0;
				TARGETED_DEVICE_FAMILY = "1,2";
			};
			name = Release;
		};
		DD9CA21922723F0D00B96073 /* Debug */ = {
			isa = XCBuildConfiguration;
			baseConfigurationReference = 1419B1DF9261E6E3246D2C69 /* Pods-NewsTestTests.debug.xcconfig */;
			buildSettings = {
				ALWAYS_EMBED_SWIFT_STANDARD_LIBRARIES = YES;
				BUNDLE_LOADER = "$(TEST_HOST)";
				CODE_SIGN_STYLE = Automatic;
				DEVELOPMENT_TEAM = QA23EPZ5C9;
				INFOPLIST_FILE = NewsTestTests/Info.plist;
				LD_RUNPATH_SEARCH_PATHS = (
					"$(inherited)",
					"@executable_path/Frameworks",
					"@loader_path/Frameworks",
				);
				PRODUCT_BUNDLE_IDENTIFIER = com.felfoldy.NewsTestTests;
				PRODUCT_NAME = "$(TARGET_NAME)";
				SWIFT_VERSION = 5.0;
				TARGETED_DEVICE_FAMILY = "1,2";
				TEST_HOST = "$(BUILT_PRODUCTS_DIR)/NewsTest.app/NewsTest";
			};
			name = Debug;
		};
		DD9CA21A22723F0D00B96073 /* Release */ = {
			isa = XCBuildConfiguration;
			baseConfigurationReference = D5A6B41690120FB41196B11F /* Pods-NewsTestTests.release.xcconfig */;
			buildSettings = {
				ALWAYS_EMBED_SWIFT_STANDARD_LIBRARIES = YES;
				BUNDLE_LOADER = "$(TEST_HOST)";
				CODE_SIGN_STYLE = Automatic;
				DEVELOPMENT_TEAM = QA23EPZ5C9;
				INFOPLIST_FILE = NewsTestTests/Info.plist;
				LD_RUNPATH_SEARCH_PATHS = (
					"$(inherited)",
					"@executable_path/Frameworks",
					"@loader_path/Frameworks",
				);
				PRODUCT_BUNDLE_IDENTIFIER = com.felfoldy.NewsTestTests;
				PRODUCT_NAME = "$(TARGET_NAME)";
				SWIFT_VERSION = 5.0;
				TARGETED_DEVICE_FAMILY = "1,2";
				TEST_HOST = "$(BUILT_PRODUCTS_DIR)/NewsTest.app/NewsTest";
			};
			name = Release;
		};
		DD9CA21C22723F0D00B96073 /* Debug */ = {
			isa = XCBuildConfiguration;
			baseConfigurationReference = 5645E00201C09719DA9679D4 /* Pods-NewsTestUITests.debug.xcconfig */;
			buildSettings = {
				ALWAYS_EMBED_SWIFT_STANDARD_LIBRARIES = YES;
				CODE_SIGN_STYLE = Automatic;
				DEVELOPMENT_TEAM = QA23EPZ5C9;
				INFOPLIST_FILE = NewsTestUITests/Info.plist;
				LD_RUNPATH_SEARCH_PATHS = (
					"$(inherited)",
					"@executable_path/Frameworks",
					"@loader_path/Frameworks",
				);
				PRODUCT_BUNDLE_IDENTIFIER = com.felfoldy.NewsTestUITests;
				PRODUCT_NAME = "$(TARGET_NAME)";
				SWIFT_VERSION = 5.0;
				TARGETED_DEVICE_FAMILY = "1,2";
				TEST_TARGET_NAME = NewsTest;
			};
			name = Debug;
		};
		DD9CA21D22723F0D00B96073 /* Release */ = {
			isa = XCBuildConfiguration;
			baseConfigurationReference = F16907030A07A37C2F33690F /* Pods-NewsTestUITests.release.xcconfig */;
			buildSettings = {
				ALWAYS_EMBED_SWIFT_STANDARD_LIBRARIES = YES;
				CODE_SIGN_STYLE = Automatic;
				DEVELOPMENT_TEAM = QA23EPZ5C9;
				INFOPLIST_FILE = NewsTestUITests/Info.plist;
				LD_RUNPATH_SEARCH_PATHS = (
					"$(inherited)",
					"@executable_path/Frameworks",
					"@loader_path/Frameworks",
				);
				PRODUCT_BUNDLE_IDENTIFIER = com.felfoldy.NewsTestUITests;
				PRODUCT_NAME = "$(TARGET_NAME)";
				SWIFT_VERSION = 5.0;
				TARGETED_DEVICE_FAMILY = "1,2";
				TEST_TARGET_NAME = NewsTest;
			};
			name = Release;
		};
/* End XCBuildConfiguration section */

/* Begin XCConfigurationList section */
		DD9CA1E822723F0C00B96073 /* Build configuration list for PBXProject "NewsTest" */ = {
			isa = XCConfigurationList;
			buildConfigurations = (
				DD9CA21322723F0D00B96073 /* Debug */,
				DD9CA21422723F0D00B96073 /* Release */,
			);
			defaultConfigurationIsVisible = 0;
			defaultConfigurationName = Release;
		};
		DD9CA21522723F0D00B96073 /* Build configuration list for PBXNativeTarget "NewsTest" */ = {
			isa = XCConfigurationList;
			buildConfigurations = (
				DD9CA21622723F0D00B96073 /* Debug */,
				DD9CA21722723F0D00B96073 /* Release */,
			);
			defaultConfigurationIsVisible = 0;
			defaultConfigurationName = Release;
		};
		DD9CA21822723F0D00B96073 /* Build configuration list for PBXNativeTarget "NewsTestTests" */ = {
			isa = XCConfigurationList;
			buildConfigurations = (
				DD9CA21922723F0D00B96073 /* Debug */,
				DD9CA21A22723F0D00B96073 /* Release */,
			);
			defaultConfigurationIsVisible = 0;
			defaultConfigurationName = Release;
		};
		DD9CA21B22723F0D00B96073 /* Build configuration list for PBXNativeTarget "NewsTestUITests" */ = {
			isa = XCConfigurationList;
			buildConfigurations = (
				DD9CA21C22723F0D00B96073 /* Debug */,
				DD9CA21D22723F0D00B96073 /* Release */,
			);
			defaultConfigurationIsVisible = 0;
			defaultConfigurationName = Release;
		};
/* End XCConfigurationList section */
	};
	rootObject = DD9CA1E522723F0C00B96073 /* Project object */;
}
